
Microsoft Visual Studio Solution File, Format Version 12.00
# Visual Studio Version 17
VisualStudioVersion = 17.0.32014.148
MinimumVisualStudioVersion = 10.0.40219.1
Project("{FAE04EC0-301F-11D3-BF4B-00C04F79EFBC}") = "ZeroFill", "ZeroFill\ZeroFill.csproj", "{B3003E04-FCE6-46E5-8A08-EC3AAEFB1A48}"
EndProject
Global
	GlobalSection(SolutionConfigurationPlatforms) = preSolution
		Debug|Any CPU = Debug|Any CPU
		Release|Any CPU = Release|Any CPU
	EndGlobalSection
	GlobalSection(ProjectConfigurationPlatforms) = postSolution
		{B3003E04-FCE6-46E5-8A08-EC3AAEFB1A48}.Debug|Any CPU.ActiveCfg = Debug|Any CPU
		{B3003E04-FCE6-46E5-8A08-EC3AAEFB1A48}.Debug|Any CPU.Build.0 = Debug|Any CPU
		{B3003E04-FCE6-46E5-8A08-EC3AAEFB1A48}.Release|Any CPU.ActiveCfg = Release|Any CPU
		{B3003E04-FCE6-46E5-8A08-EC3AAEFB1A48}.Release|Any CPU.Build.0 = Release|Any CPU
	EndGlobalSection
	GlobalSection(SolutionProperties) = preSolution
		HideSolutionNode = FALSE
	EndGlobalSection
	GlobalSection(ExtensibilityGlobals) = postSolution
		SolutionGuid = {8F30147A-0B17-4E36-83FD-4B7DF19E64D7}
	EndGlobalSection
EndGlobal
